
Microsoft Visual Studio Solution File, Format Version 12.00
# Visual Studio 15
VisualStudioVersion = 15.0.27004.2006
MinimumVisualStudioVersion = 10.0.40219.1
Project("{FAE04EC0-301F-11D3-BF4B-00C04F79EFBC}") = "Oprema_za_mob_telefone", "Oprema_za_mob_telefone\Oprema_za_mob_telefone.csproj", "{3191D410-9FE1-4D1E-919A-D2DE3EEC8F3B}"
EndProject
Global
	GlobalSection(SolutionConfigurationPlatforms) = preSolution
		Debug|Any CPU = Debug|Any CPU
		Release|Any CPU = Release|Any CPU
	EndGlobalSection
	GlobalSection(ProjectConfigurationPlatforms) = postSolution
		{3191D410-9FE1-4D1E-919A-D2DE3EEC8F3B}.Debug|Any CPU.ActiveCfg = Debug|Any CPU
		{3191D410-9FE1-4D1E-919A-D2DE3EEC8F3B}.Debug|Any CPU.Build.0 = Debug|Any CPU
		{3191D410-9FE1-4D1E-919A-D2DE3EEC8F3B}.Release|Any CPU.ActiveCfg = Release|Any CPU
		{3191D410-9FE1-4D1E-919A-D2DE3EEC8F3B}.Release|Any CPU.Build.0 = Release|Any CPU
	EndGlobalSection
	GlobalSection(SolutionProperties) = preSolution
		HideSolutionNode = FALSE
	EndGlobalSection
	GlobalSection(ExtensibilityGlobals) = postSolution
		SolutionGuid = {7ABD51F2-1F6A-430B-A7D8-E5851D54042C}
	EndGlobalSection
EndGlobal
